// !$*UTF8*$!
{
	archiveVersion = 1;
	classes = {
	};
	objectVersion = 46;
	objects = {

/* Begin PBXBuildFile section */
		D3A2F1E11B18DC6B005151DF /* Moya-OSX.h in Headers */ = {isa = PBXBuildFile; fileRef = D3A2F1E01B18DC6B005151DF /* Moya-OSX.h */; settings = {ATTRIBUTES = (Public, ); }; };
		D3A2F1E71B18DC6B005151DF /* Moya.framework in Frameworks */ = {isa = PBXBuildFile; fileRef = D3A2F1DC1B18DC6B005151DF /* Moya.framework */; };
		D3A2F1EE1B18DC6B005151DF /* Moya_OSXTests.swift in Sources */ = {isa = PBXBuildFile; fileRef = D3A2F1ED1B18DC6B005151DF /* Moya_OSXTests.swift */; };
		D3A2F2031B18E646005151DF /* Moya-iOS.h in Headers */ = {isa = PBXBuildFile; fileRef = D3A2F2021B18E646005151DF /* Moya-iOS.h */; settings = {ATTRIBUTES = (Public, ); }; };
		D3A2F2091B18E646005151DF /* Moya.framework in Frameworks */ = {isa = PBXBuildFile; fileRef = D3A2F1FE1B18E646005151DF /* Moya.framework */; };
		D3A2F2101B18E646005151DF /* Moya_iOSTests.swift in Sources */ = {isa = PBXBuildFile; fileRef = D3A2F20F1B18E646005151DF /* Moya_iOSTests.swift */; };
		D3A2F2181B18E6FD005151DF /* Endpoint.swift in Sources */ = {isa = PBXBuildFile; fileRef = D3A2F2171B18E6FD005151DF /* Endpoint.swift */; };
		D3A2F2191B18E6FD005151DF /* Endpoint.swift in Sources */ = {isa = PBXBuildFile; fileRef = D3A2F2171B18E6FD005151DF /* Endpoint.swift */; };
		D3A2F21B1B18E708005151DF /* Moya.swift in Sources */ = {isa = PBXBuildFile; fileRef = D3A2F21A1B18E708005151DF /* Moya.swift */; };
		D3A2F21C1B18E708005151DF /* Moya.swift in Sources */ = {isa = PBXBuildFile; fileRef = D3A2F21A1B18E708005151DF /* Moya.swift */; };
		D3A2F21E1B18E828005151DF /* Alamofire.framework in Frameworks */ = {isa = PBXBuildFile; fileRef = D3A2F21D1B18E828005151DF /* Alamofire.framework */; };
		D3A2F2201B18E82F005151DF /* Alamofire.framework in Frameworks */ = {isa = PBXBuildFile; fileRef = D3A2F21F1B18E82F005151DF /* Alamofire.framework */; };
/* End PBXBuildFile section */

/* Begin PBXContainerItemProxy section */
		D3A2F1E81B18DC6B005151DF /* PBXContainerItemProxy */ = {
			isa = PBXContainerItemProxy;
			containerPortal = D307DDE21B176CF300AADD33 /* Project object */;
			proxyType = 1;
			remoteGlobalIDString = D3A2F1DB1B18DC6B005151DF;
			remoteInfo = "Moya-OSX";
		};
		D3A2F20A1B18E646005151DF /* PBXContainerItemProxy */ = {
			isa = PBXContainerItemProxy;
			containerPortal = D307DDE21B176CF300AADD33 /* Project object */;
			proxyType = 1;
			remoteGlobalIDString = D3A2F1FD1B18E646005151DF;
			remoteInfo = "Moya-iOS";
		};
/* End PBXContainerItemProxy section */

/* Begin PBXFileReference section */
		D3A2F1DC1B18DC6B005151DF /* Moya.framework */ = {isa = PBXFileReference; explicitFileType = wrapper.framework; includeInIndex = 0; path = Moya.framework; sourceTree = BUILT_PRODUCTS_DIR; };
		D3A2F1DF1B18DC6B005151DF /* Info.plist */ = {isa = PBXFileReference; lastKnownFileType = text.plist.xml; path = Info.plist; sourceTree = "<group>"; };
		D3A2F1E01B18DC6B005151DF /* Moya-OSX.h */ = {isa = PBXFileReference; lastKnownFileType = sourcecode.c.h; path = "Moya-OSX.h"; sourceTree = "<group>"; };
		D3A2F1E61B18DC6B005151DF /* Moya-OSXTests.xctest */ = {isa = PBXFileReference; explicitFileType = wrapper.cfbundle; includeInIndex = 0; path = "Moya-OSXTests.xctest"; sourceTree = BUILT_PRODUCTS_DIR; };
		D3A2F1EC1B18DC6B005151DF /* Info.plist */ = {isa = PBXFileReference; lastKnownFileType = text.plist.xml; path = Info.plist; sourceTree = "<group>"; };
		D3A2F1ED1B18DC6B005151DF /* Moya_OSXTests.swift */ = {isa = PBXFileReference; lastKnownFileType = sourcecode.swift; path = Moya_OSXTests.swift; sourceTree = "<group>"; };
		D3A2F1FE1B18E646005151DF /* Moya.framework */ = {isa = PBXFileReference; explicitFileType = wrapper.framework; includeInIndex = 0; path = Moya.framework; sourceTree = BUILT_PRODUCTS_DIR; };
		D3A2F2011B18E646005151DF /* Info.plist */ = {isa = PBXFileReference; lastKnownFileType = text.plist.xml; path = Info.plist; sourceTree = "<group>"; };
		D3A2F2021B18E646005151DF /* Moya-iOS.h */ = {isa = PBXFileReference; lastKnownFileType = sourcecode.c.h; path = "Moya-iOS.h"; sourceTree = "<group>"; };
		D3A2F2081B18E646005151DF /* Moya-iOSTests.xctest */ = {isa = PBXFileReference; explicitFileType = wrapper.cfbundle; includeInIndex = 0; path = "Moya-iOSTests.xctest"; sourceTree = BUILT_PRODUCTS_DIR; };
		D3A2F20E1B18E646005151DF /* Info.plist */ = {isa = PBXFileReference; lastKnownFileType = text.plist.xml; path = Info.plist; sourceTree = "<group>"; };
		D3A2F20F1B18E646005151DF /* Moya_iOSTests.swift */ = {isa = PBXFileReference; lastKnownFileType = sourcecode.swift; path = Moya_iOSTests.swift; sourceTree = "<group>"; };
		D3A2F2171B18E6FD005151DF /* Endpoint.swift */ = {isa = PBXFileReference; fileEncoding = 4; lastKnownFileType = sourcecode.swift; path = Endpoint.swift; sourceTree = SOURCE_ROOT; };
		D3A2F21A1B18E708005151DF /* Moya.swift */ = {isa = PBXFileReference; fileEncoding = 4; lastKnownFileType = sourcecode.swift; path = Moya.swift; sourceTree = SOURCE_ROOT; };
		D3A2F21D1B18E828005151DF /* Alamofire.framework */ = {isa = PBXFileReference; lastKnownFileType = wrapper.framework; name = Alamofire.framework; path = Carthage/Checkouts/alamofire/build/Debug/Alamofire.framework; sourceTree = "<group>"; };
		D3A2F21F1B18E82F005151DF /* Alamofire.framework */ = {isa = PBXFileReference; lastKnownFileType = wrapper.framework; name = Alamofire.framework; path = "Carthage/Checkouts/alamofire/build/Debug-iphoneos/Alamofire.framework"; sourceTree = "<group>"; };
/* End PBXFileReference section */

/* Begin PBXFrameworksBuildPhase section */
		D3A2F1D81B18DC6B005151DF /* Frameworks */ = {
			isa = PBXFrameworksBuildPhase;
			buildActionMask = 2147483647;
			files = (
				D3A2F21E1B18E828005151DF /* Alamofire.framework in Frameworks */,
			);
			runOnlyForDeploymentPostprocessing = 0;
		};
		D3A2F1E31B18DC6B005151DF /* Frameworks */ = {
			isa = PBXFrameworksBuildPhase;
			buildActionMask = 2147483647;
			files = (
				D3A2F1E71B18DC6B005151DF /* Moya.framework in Frameworks */,
			);
			runOnlyForDeploymentPostprocessing = 0;
		};
		D3A2F1FA1B18E646005151DF /* Frameworks */ = {
			isa = PBXFrameworksBuildPhase;
			buildActionMask = 2147483647;
			files = (
				D3A2F2201B18E82F005151DF /* Alamofire.framework in Frameworks */,
			);
			runOnlyForDeploymentPostprocessing = 0;
		};
		D3A2F2051B18E646005151DF /* Frameworks */ = {
			isa = PBXFrameworksBuildPhase;
			buildActionMask = 2147483647;
			files = (
				D3A2F2091B18E646005151DF /* Moya.framework in Frameworks */,
			);
			runOnlyForDeploymentPostprocessing = 0;
		};
/* End PBXFrameworksBuildPhase section */

/* Begin PBXGroup section */
		D307DDE11B176CF300AADD33 = {
			isa = PBXGroup;
			children = (
				D3A2F21F1B18E82F005151DF /* Alamofire.framework */,
				D3A2F21D1B18E828005151DF /* Alamofire.framework */,
				D3A2F1DD1B18DC6B005151DF /* Moya-OSX */,
				D3A2F1EA1B18DC6B005151DF /* Moya-OSXTests */,
				D3A2F1FF1B18E646005151DF /* Moya-iOS */,
				D3A2F20C1B18E646005151DF /* Moya-iOSTests */,
				D307DDEC1B176CF300AADD33 /* Products */,
			);
			sourceTree = "<group>";
		};
		D307DDEC1B176CF300AADD33 /* Products */ = {
			isa = PBXGroup;
			children = (
				D3A2F1DC1B18DC6B005151DF /* Moya.framework */,
				D3A2F1E61B18DC6B005151DF /* Moya-OSXTests.xctest */,
				D3A2F1FE1B18E646005151DF /* Moya.framework */,
				D3A2F2081B18E646005151DF /* Moya-iOSTests.xctest */,
			);
			name = Products;
			sourceTree = "<group>";
		};
		D3A2F1DD1B18DC6B005151DF /* Moya-OSX */ = {
			isa = PBXGroup;
			children = (
				D3A2F1E01B18DC6B005151DF /* Moya-OSX.h */,
				D3A2F1DE1B18DC6B005151DF /* Supporting Files */,
			);
			path = "Moya-OSX";
			sourceTree = "<group>";
		};
		D3A2F1DE1B18DC6B005151DF /* Supporting Files */ = {
			isa = PBXGroup;
			children = (
				D3A2F1DF1B18DC6B005151DF /* Info.plist */,
			);
			name = "Supporting Files";
			sourceTree = "<group>";
		};
		D3A2F1EA1B18DC6B005151DF /* Moya-OSXTests */ = {
			isa = PBXGroup;
			children = (
				D3A2F1ED1B18DC6B005151DF /* Moya_OSXTests.swift */,
				D3A2F1EB1B18DC6B005151DF /* Supporting Files */,
			);
			path = "Moya-OSXTests";
			sourceTree = "<group>";
		};
		D3A2F1EB1B18DC6B005151DF /* Supporting Files */ = {
			isa = PBXGroup;
			children = (
				D3A2F1EC1B18DC6B005151DF /* Info.plist */,
			);
			name = "Supporting Files";
			sourceTree = "<group>";
		};
		D3A2F1FF1B18E646005151DF /* Moya-iOS */ = {
			isa = PBXGroup;
			children = (
				D3A2F2021B18E646005151DF /* Moya-iOS.h */,
				D3A2F2171B18E6FD005151DF /* Endpoint.swift */,
				D3A2F21A1B18E708005151DF /* Moya.swift */,
				D3A2F2001B18E646005151DF /* Supporting Files */,
			);
			path = "Moya-iOS";
			sourceTree = "<group>";
		};
		D3A2F2001B18E646005151DF /* Supporting Files */ = {
			isa = PBXGroup;
			children = (
				D3A2F2011B18E646005151DF /* Info.plist */,
			);
			name = "Supporting Files";
			sourceTree = "<group>";
		};
		D3A2F20C1B18E646005151DF /* Moya-iOSTests */ = {
			isa = PBXGroup;
			children = (
				D3A2F20F1B18E646005151DF /* Moya_iOSTests.swift */,
				D3A2F20D1B18E646005151DF /* Supporting Files */,
			);
			path = "Moya-iOSTests";
			sourceTree = "<group>";
		};
		D3A2F20D1B18E646005151DF /* Supporting Files */ = {
			isa = PBXGroup;
			children = (
				D3A2F20E1B18E646005151DF /* Info.plist */,
			);
			name = "Supporting Files";
			sourceTree = "<group>";
		};
/* End PBXGroup section */

/* Begin PBXHeadersBuildPhase section */
		D3A2F1D91B18DC6B005151DF /* Headers */ = {
			isa = PBXHeadersBuildPhase;
			buildActionMask = 2147483647;
			files = (
				D3A2F1E11B18DC6B005151DF /* Moya-OSX.h in Headers */,
			);
			runOnlyForDeploymentPostprocessing = 0;
		};
		D3A2F1FB1B18E646005151DF /* Headers */ = {
			isa = PBXHeadersBuildPhase;
			buildActionMask = 2147483647;
			files = (
				D3A2F2031B18E646005151DF /* Moya-iOS.h in Headers */,
			);
			runOnlyForDeploymentPostprocessing = 0;
		};
/* End PBXHeadersBuildPhase section */

/* Begin PBXNativeTarget section */
		D3A2F1DB1B18DC6B005151DF /* Moya-OSX */ = {
			isa = PBXNativeTarget;
			buildConfigurationList = D3A2F1EF1B18DC6B005151DF /* Build configuration list for PBXNativeTarget "Moya-OSX" */;
			buildPhases = (
				D3A2F1D71B18DC6B005151DF /* Sources */,
				D3A2F1D81B18DC6B005151DF /* Frameworks */,
				D3A2F1D91B18DC6B005151DF /* Headers */,
				D3A2F1DA1B18DC6B005151DF /* Resources */,
			);
			buildRules = (
			);
			dependencies = (
			);
			name = "Moya-OSX";
			productName = "Moya-OSX";
			productReference = D3A2F1DC1B18DC6B005151DF /* Moya.framework */;
			productType = "com.apple.product-type.framework";
		};
		D3A2F1E51B18DC6B005151DF /* Moya-OSXTests */ = {
			isa = PBXNativeTarget;
			buildConfigurationList = D3A2F1F21B18DC6B005151DF /* Build configuration list for PBXNativeTarget "Moya-OSXTests" */;
			buildPhases = (
				D3A2F1E21B18DC6B005151DF /* Sources */,
				D3A2F1E31B18DC6B005151DF /* Frameworks */,
				D3A2F1E41B18DC6B005151DF /* Resources */,
			);
			buildRules = (
			);
			dependencies = (
				D3A2F1E91B18DC6B005151DF /* PBXTargetDependency */,
			);
			name = "Moya-OSXTests";
			productName = "Moya-OSXTests";
			productReference = D3A2F1E61B18DC6B005151DF /* Moya-OSXTests.xctest */;
			productType = "com.apple.product-type.bundle.unit-test";
		};
		D3A2F1FD1B18E646005151DF /* Moya-iOS */ = {
			isa = PBXNativeTarget;
			buildConfigurationList = D3A2F2111B18E646005151DF /* Build configuration list for PBXNativeTarget "Moya-iOS" */;
			buildPhases = (
				D3A2F1F91B18E646005151DF /* Sources */,
				D3A2F1FA1B18E646005151DF /* Frameworks */,
				D3A2F1FB1B18E646005151DF /* Headers */,
				D3A2F1FC1B18E646005151DF /* Resources */,
			);
			buildRules = (
			);
			dependencies = (
			);
			name = "Moya-iOS";
			productName = "Moya-iOS";
			productReference = D3A2F1FE1B18E646005151DF /* Moya.framework */;
			productType = "com.apple.product-type.framework";
		};
		D3A2F2071B18E646005151DF /* Moya-iOSTests */ = {
			isa = PBXNativeTarget;
			buildConfigurationList = D3A2F2141B18E646005151DF /* Build configuration list for PBXNativeTarget "Moya-iOSTests" */;
			buildPhases = (
				D3A2F2041B18E646005151DF /* Sources */,
				D3A2F2051B18E646005151DF /* Frameworks */,
				D3A2F2061B18E646005151DF /* Resources */,
			);
			buildRules = (
			);
			dependencies = (
				D3A2F20B1B18E646005151DF /* PBXTargetDependency */,
			);
			name = "Moya-iOSTests";
			productName = "Moya-iOSTests";
			productReference = D3A2F2081B18E646005151DF /* Moya-iOSTests.xctest */;
			productType = "com.apple.product-type.bundle.unit-test";
		};
/* End PBXNativeTarget section */

/* Begin PBXProject section */
		D307DDE21B176CF300AADD33 /* Project object */ = {
			isa = PBXProject;
			attributes = {
				LastUpgradeCheck = 0630;
				ORGANIZATIONNAME = "Ash Furrow";
				TargetAttributes = {
					D3A2F1DB1B18DC6B005151DF = {
						CreatedOnToolsVersion = 6.3.2;
					};
					D3A2F1E51B18DC6B005151DF = {
						CreatedOnToolsVersion = 6.3.2;
					};
					D3A2F1FD1B18E646005151DF = {
						CreatedOnToolsVersion = 6.3.2;
					};
					D3A2F2071B18E646005151DF = {
						CreatedOnToolsVersion = 6.3.2;
					};
				};
			};
			buildConfigurationList = D307DDE51B176CF300AADD33 /* Build configuration list for PBXProject "Moya" */;
			compatibilityVersion = "Xcode 3.2";
			developmentRegion = English;
			hasScannedForEncodings = 0;
			knownRegions = (
				en,
			);
			mainGroup = D307DDE11B176CF300AADD33;
			productRefGroup = D307DDEC1B176CF300AADD33 /* Products */;
			projectDirPath = "";
			projectRoot = "";
			targets = (
				D3A2F1DB1B18DC6B005151DF /* Moya-OSX */,
				D3A2F1E51B18DC6B005151DF /* Moya-OSXTests */,
				D3A2F1FD1B18E646005151DF /* Moya-iOS */,
				D3A2F2071B18E646005151DF /* Moya-iOSTests */,
			);
		};
/* End PBXProject section */

/* Begin PBXResourcesBuildPhase section */
		D3A2F1DA1B18DC6B005151DF /* Resources */ = {
			isa = PBXResourcesBuildPhase;
			buildActionMask = 2147483647;
			files = (
			);
			runOnlyForDeploymentPostprocessing = 0;
		};
		D3A2F1E41B18DC6B005151DF /* Resources */ = {
			isa = PBXResourcesBuildPhase;
			buildActionMask = 2147483647;
			files = (
			);
			runOnlyForDeploymentPostprocessing = 0;
		};
		D3A2F1FC1B18E646005151DF /* Resources */ = {
			isa = PBXResourcesBuildPhase;
			buildActionMask = 2147483647;
			files = (
			);
			runOnlyForDeploymentPostprocessing = 0;
		};
		D3A2F2061B18E646005151DF /* Resources */ = {
			isa = PBXResourcesBuildPhase;
			buildActionMask = 2147483647;
			files = (
			);
			runOnlyForDeploymentPostprocessing = 0;
		};
/* End PBXResourcesBuildPhase section */

/* Begin PBXSourcesBuildPhase section */
		D3A2F1D71B18DC6B005151DF /* Sources */ = {
			isa = PBXSourcesBuildPhase;
			buildActionMask = 2147483647;
			files = (
				D3A2F2181B18E6FD005151DF /* Endpoint.swift in Sources */,
				D3A2F21B1B18E708005151DF /* Moya.swift in Sources */,
			);
			runOnlyForDeploymentPostprocessing = 0;
		};
		D3A2F1E21B18DC6B005151DF /* Sources */ = {
			isa = PBXSourcesBuildPhase;
			buildActionMask = 2147483647;
			files = (
				D3A2F1EE1B18DC6B005151DF /* Moya_OSXTests.swift in Sources */,
			);
			runOnlyForDeploymentPostprocessing = 0;
		};
		D3A2F1F91B18E646005151DF /* Sources */ = {
			isa = PBXSourcesBuildPhase;
			buildActionMask = 2147483647;
			files = (
				D3A2F2191B18E6FD005151DF /* Endpoint.swift in Sources */,
				D3A2F21C1B18E708005151DF /* Moya.swift in Sources */,
			);
			runOnlyForDeploymentPostprocessing = 0;
		};
		D3A2F2041B18E646005151DF /* Sources */ = {
			isa = PBXSourcesBuildPhase;
			buildActionMask = 2147483647;
			files = (
				D3A2F2101B18E646005151DF /* Moya_iOSTests.swift in Sources */,
			);
			runOnlyForDeploymentPostprocessing = 0;
		};
/* End PBXSourcesBuildPhase section */

/* Begin PBXTargetDependency section */
		D3A2F1E91B18DC6B005151DF /* PBXTargetDependency */ = {
			isa = PBXTargetDependency;
			target = D3A2F1DB1B18DC6B005151DF /* Moya-OSX */;
			targetProxy = D3A2F1E81B18DC6B005151DF /* PBXContainerItemProxy */;
		};
		D3A2F20B1B18E646005151DF /* PBXTargetDependency */ = {
			isa = PBXTargetDependency;
			target = D3A2F1FD1B18E646005151DF /* Moya-iOS */;
			targetProxy = D3A2F20A1B18E646005151DF /* PBXContainerItemProxy */;
		};
/* End PBXTargetDependency section */

/* Begin XCBuildConfiguration section */
		D307DDFF1B176CF300AADD33 /* Debug */ = {
			isa = XCBuildConfiguration;
			buildSettings = {
				ALWAYS_SEARCH_USER_PATHS = NO;
				CLANG_CXX_LANGUAGE_STANDARD = "gnu++0x";
				CLANG_CXX_LIBRARY = "libc++";
				CLANG_ENABLE_MODULES = YES;
				CLANG_ENABLE_OBJC_ARC = YES;
				CLANG_WARN_BOOL_CONVERSION = YES;
				CLANG_WARN_CONSTANT_CONVERSION = YES;
				CLANG_WARN_DIRECT_OBJC_ISA_USAGE = YES_ERROR;
				CLANG_WARN_EMPTY_BODY = YES;
				CLANG_WARN_ENUM_CONVERSION = YES;
				CLANG_WARN_INT_CONVERSION = YES;
				CLANG_WARN_OBJC_ROOT_CLASS = YES_ERROR;
				CLANG_WARN_UNREACHABLE_CODE = YES;
				CLANG_WARN__DUPLICATE_METHOD_MATCH = YES;
				"CODE_SIGN_IDENTITY[sdk=iphoneos*]" = "iPhone Developer";
				COPY_PHASE_STRIP = NO;
				CURRENT_PROJECT_VERSION = 1;
				DEBUG_INFORMATION_FORMAT = "dwarf-with-dsym";
				ENABLE_STRICT_OBJC_MSGSEND = YES;
				GCC_C_LANGUAGE_STANDARD = gnu99;
				GCC_DYNAMIC_NO_PIC = NO;
				GCC_NO_COMMON_BLOCKS = YES;
				GCC_OPTIMIZATION_LEVEL = 0;
				GCC_PREPROCESSOR_DEFINITIONS = (
					"DEBUG=1",
					"$(inherited)",
				);
				GCC_SYMBOLS_PRIVATE_EXTERN = NO;
				GCC_WARN_64_TO_32_BIT_CONVERSION = YES;
				GCC_WARN_ABOUT_RETURN_TYPE = YES_ERROR;
				GCC_WARN_UNDECLARED_SELECTOR = YES;
				GCC_WARN_UNINITIALIZED_AUTOS = YES_AGGRESSIVE;
				GCC_WARN_UNUSED_FUNCTION = YES;
				GCC_WARN_UNUSED_VARIABLE = YES;
				IPHONEOS_DEPLOYMENT_TARGET = 8.3;
				MTL_ENABLE_DEBUG_INFO = YES;
				ONLY_ACTIVE_ARCH = YES;
				SDKROOT = iphoneos;
				SWIFT_OPTIMIZATION_LEVEL = "-Onone";
				TARGETED_DEVICE_FAMILY = "1,2";
				VERSIONING_SYSTEM = "apple-generic";
				VERSION_INFO_PREFIX = "";
			};
			name = Debug;
		};
		D307DE001B176CF300AADD33 /* Release */ = {
			isa = XCBuildConfiguration;
			buildSettings = {
				ALWAYS_SEARCH_USER_PATHS = NO;
				CLANG_CXX_LANGUAGE_STANDARD = "gnu++0x";
				CLANG_CXX_LIBRARY = "libc++";
				CLANG_ENABLE_MODULES = YES;
				CLANG_ENABLE_OBJC_ARC = YES;
				CLANG_WARN_BOOL_CONVERSION = YES;
				CLANG_WARN_CONSTANT_CONVERSION = YES;
				CLANG_WARN_DIRECT_OBJC_ISA_USAGE = YES_ERROR;
				CLANG_WARN_EMPTY_BODY = YES;
				CLANG_WARN_ENUM_CONVERSION = YES;
				CLANG_WARN_INT_CONVERSION = YES;
				CLANG_WARN_OBJC_ROOT_CLASS = YES_ERROR;
				CLANG_WARN_UNREACHABLE_CODE = YES;
				CLANG_WARN__DUPLICATE_METHOD_MATCH = YES;
				"CODE_SIGN_IDENTITY[sdk=iphoneos*]" = "iPhone Developer";
				COPY_PHASE_STRIP = NO;
				CURRENT_PROJECT_VERSION = 1;
				DEBUG_INFORMATION_FORMAT = "dwarf-with-dsym";
				ENABLE_NS_ASSERTIONS = NO;
				ENABLE_STRICT_OBJC_MSGSEND = YES;
				GCC_C_LANGUAGE_STANDARD = gnu99;
				GCC_NO_COMMON_BLOCKS = YES;
				GCC_WARN_64_TO_32_BIT_CONVERSION = YES;
				GCC_WARN_ABOUT_RETURN_TYPE = YES_ERROR;
				GCC_WARN_UNDECLARED_SELECTOR = YES;
				GCC_WARN_UNINITIALIZED_AUTOS = YES_AGGRESSIVE;
				GCC_WARN_UNUSED_FUNCTION = YES;
				GCC_WARN_UNUSED_VARIABLE = YES;
				IPHONEOS_DEPLOYMENT_TARGET = 8.3;
				MTL_ENABLE_DEBUG_INFO = NO;
				SDKROOT = iphoneos;
				TARGETED_DEVICE_FAMILY = "1,2";
				VALIDATE_PRODUCT = YES;
				VERSIONING_SYSTEM = "apple-generic";
				VERSION_INFO_PREFIX = "";
			};
			name = Release;
		};
		D3A2F1F01B18DC6B005151DF /* Debug */ = {
			isa = XCBuildConfiguration;
			buildSettings = {
				CLANG_ENABLE_MODULES = YES;
				COMBINE_HIDPI_IMAGES = YES;
				DEBUG_INFORMATION_FORMAT = dwarf;
				DEFINES_MODULE = YES;
				DYLIB_COMPATIBILITY_VERSION = 1;
				DYLIB_CURRENT_VERSION = 1;
				DYLIB_INSTALL_NAME_BASE = "@rpath";
				FRAMEWORK_SEARCH_PATHS = (
					"$(inherited)",
					"$(USER_LIBRARY_DIR)/Developer/Xcode/DerivedData/Moya-Framework-eutwbkjowgsvznfjzmbjsrvbilsq/Build/Products/Debug-iphoneos",
					"$(PROJECT_DIR)/Carthage/Checkouts/alamofire/build/Debug",
				);
				FRAMEWORK_VERSION = A;
				GCC_PREPROCESSOR_DEFINITIONS = (
					"DEBUG=1",
					"$(inherited)",
				);
				INFOPLIST_FILE = "Moya-OSX/Info.plist";
				INSTALL_PATH = "$(LOCAL_LIBRARY_DIR)/Frameworks";
				LD_RUNPATH_SEARCH_PATHS = "$(inherited) @executable_path/../Frameworks @loader_path/Frameworks";
				MACOSX_DEPLOYMENT_TARGET = 10.10;
				PRODUCT_NAME = "$(PROJECT_NAME)";
				SDKROOT = macosx;
				SKIP_INSTALL = YES;
				SWIFT_OPTIMIZATION_LEVEL = "-Onone";
			};
			name = Debug;
		};
		D3A2F1F11B18DC6B005151DF /* Release */ = {
			isa = XCBuildConfiguration;
			buildSettings = {
				CLANG_ENABLE_MODULES = YES;
				COMBINE_HIDPI_IMAGES = YES;
				DEFINES_MODULE = YES;
				DYLIB_COMPATIBILITY_VERSION = 1;
				DYLIB_CURRENT_VERSION = 1;
				DYLIB_INSTALL_NAME_BASE = "@rpath";
				FRAMEWORK_SEARCH_PATHS = (
					"$(inherited)",
					"$(USER_LIBRARY_DIR)/Developer/Xcode/DerivedData/Moya-Framework-eutwbkjowgsvznfjzmbjsrvbilsq/Build/Products/Debug-iphoneos",
					"$(PROJECT_DIR)/Carthage/Checkouts/alamofire/build/Debug",
				);
				FRAMEWORK_VERSION = A;
				INFOPLIST_FILE = "Moya-OSX/Info.plist";
				INSTALL_PATH = "$(LOCAL_LIBRARY_DIR)/Frameworks";
				LD_RUNPATH_SEARCH_PATHS = "$(inherited) @executable_path/../Frameworks @loader_path/Frameworks";
				MACOSX_DEPLOYMENT_TARGET = 10.10;
				PRODUCT_NAME = "$(PROJECT_NAME)";
				SDKROOT = macosx;
				SKIP_INSTALL = YES;
			};
			name = Release;
		};
		D3A2F1F31B18DC6B005151DF /* Debug */ = {
			isa = XCBuildConfiguration;
			buildSettings = {
				COMBINE_HIDPI_IMAGES = YES;
				DEBUG_INFORMATION_FORMAT = dwarf;
				FRAMEWORK_SEARCH_PATHS = (
					"$(DEVELOPER_FRAMEWORKS_DIR)",
					"$(inherited)",
				);
				GCC_PREPROCESSOR_DEFINITIONS = (
					"DEBUG=1",
					"$(inherited)",
				);
				INFOPLIST_FILE = "Moya-OSXTests/Info.plist";
				LD_RUNPATH_SEARCH_PATHS = "$(inherited) @executable_path/../Frameworks @loader_path/../Frameworks";
				MACOSX_DEPLOYMENT_TARGET = 10.10;
				PRODUCT_NAME = "$(TARGET_NAME)";
				SDKROOT = macosx;
			};
			name = Debug;
		};
		D3A2F1F41B18DC6B005151DF /* Release */ = {
			isa = XCBuildConfiguration;
			buildSettings = {
				COMBINE_HIDPI_IMAGES = YES;
				FRAMEWORK_SEARCH_PATHS = (
					"$(DEVELOPER_FRAMEWORKS_DIR)",
					"$(inherited)",
				);
				INFOPLIST_FILE = "Moya-OSXTests/Info.plist";
				LD_RUNPATH_SEARCH_PATHS = "$(inherited) @executable_path/../Frameworks @loader_path/../Frameworks";
				MACOSX_DEPLOYMENT_TARGET = 10.10;
				PRODUCT_NAME = "$(TARGET_NAME)";
				SDKROOT = macosx;
			};
			name = Release;
		};
		D3A2F2121B18E646005151DF /* Debug */ = {
			isa = XCBuildConfiguration;
			buildSettings = {
				CLANG_ENABLE_MODULES = YES;
				DEFINES_MODULE = YES;
				DYLIB_COMPATIBILITY_VERSION = 1;
				DYLIB_CURRENT_VERSION = 1;
				DYLIB_INSTALL_NAME_BASE = "@rpath";
				FRAMEWORK_SEARCH_PATHS = (
					"$(inherited)",
					"$(PROJECT_DIR)/Carthage/Checkouts/alamofire/build/Debug-iphoneos",
				);
				GCC_PREPROCESSOR_DEFINITIONS = (
					"DEBUG=1",
					"$(inherited)",
				);
				INFOPLIST_FILE = "Moya-iOS/Info.plist";
				INSTALL_PATH = "$(LOCAL_LIBRARY_DIR)/Frameworks";
				LD_RUNPATH_SEARCH_PATHS = "$(inherited) @executable_path/Frameworks @loader_path/Frameworks";
				PRODUCT_NAME = "$(PROJECT_NAME)";
				SKIP_INSTALL = YES;
				SWIFT_OPTIMIZATION_LEVEL = "-Onone";
			};
			name = Debug;
		};
		D3A2F2131B18E646005151DF /* Release */ = {
			isa = XCBuildConfiguration;
			buildSettings = {
				CLANG_ENABLE_MODULES = YES;
				DEFINES_MODULE = YES;
				DYLIB_COMPATIBILITY_VERSION = 1;
				DYLIB_CURRENT_VERSION = 1;
				DYLIB_INSTALL_NAME_BASE = "@rpath";
				FRAMEWORK_SEARCH_PATHS = (
					"$(inherited)",
					"$(PROJECT_DIR)/Carthage/Checkouts/alamofire/build/Debug-iphoneos",
				);
				INFOPLIST_FILE = "Moya-iOS/Info.plist";
				INSTALL_PATH = "$(LOCAL_LIBRARY_DIR)/Frameworks";
				LD_RUNPATH_SEARCH_PATHS = "$(inherited) @executable_path/Frameworks @loader_path/Frameworks";
				PRODUCT_NAME = "$(PROJECT_NAME)";
				SKIP_INSTALL = YES;
			};
			name = Release;
		};
		D3A2F2151B18E646005151DF /* Debug */ = {
			isa = XCBuildConfiguration;
			buildSettings = {
				FRAMEWORK_SEARCH_PATHS = (
					"$(SDKROOT)/Developer/Library/Frameworks",
					"$(inherited)",
				);
				GCC_PREPROCESSOR_DEFINITIONS = (
					"DEBUG=1",
					"$(inherited)",
				);
				INFOPLIST_FILE = "Moya-iOSTests/Info.plist";
				LD_RUNPATH_SEARCH_PATHS = "$(inherited) @executable_path/Frameworks @loader_path/Frameworks";
				PRODUCT_NAME = "$(TARGET_NAME)";
			};
			name = Debug;
		};
		D3A2F2161B18E646005151DF /* Release */ = {
			isa = XCBuildConfiguration;
			buildSettings = {
				FRAMEWORK_SEARCH_PATHS = (
					"$(SDKROOT)/Developer/Library/Frameworks",
					"$(inherited)",
				);
				INFOPLIST_FILE = "Moya-iOSTests/Info.plist";
				LD_RUNPATH_SEARCH_PATHS = "$(inherited) @executable_path/Frameworks @loader_path/Frameworks";
				PRODUCT_NAME = "$(TARGET_NAME)";
			};
			name = Release;
		};
/* End XCBuildConfiguration section */

/* Begin XCConfigurationList section */
		D307DDE51B176CF300AADD33 /* Build configuration list for PBXProject "Moya" */ = {
			isa = XCConfigurationList;
			buildConfigurations = (
				D307DDFF1B176CF300AADD33 /* Debug */,
				D307DE001B176CF300AADD33 /* Release */,
			);
			defaultConfigurationIsVisible = 0;
			defaultConfigurationName = Release;
		};
		D3A2F1EF1B18DC6B005151DF /* Build configuration list for PBXNativeTarget "Moya-OSX" */ = {
			isa = XCConfigurationList;
			buildConfigurations = (
				D3A2F1F01B18DC6B005151DF /* Debug */,
				D3A2F1F11B18DC6B005151DF /* Release */,
			);
			defaultConfigurationIsVisible = 0;
			defaultConfigurationName = Release;
		};
		D3A2F1F21B18DC6B005151DF /* Build configuration list for PBXNativeTarget "Moya-OSXTests" */ = {
			isa = XCConfigurationList;
			buildConfigurations = (
				D3A2F1F31B18DC6B005151DF /* Debug */,
				D3A2F1F41B18DC6B005151DF /* Release */,
			);
			defaultConfigurationIsVisible = 0;
			defaultConfigurationName = Release;
		};
		D3A2F2111B18E646005151DF /* Build configuration list for PBXNativeTarget "Moya-iOS" */ = {
			isa = XCConfigurationList;
			buildConfigurations = (
				D3A2F2121B18E646005151DF /* Debug */,
				D3A2F2131B18E646005151DF /* Release */,
			);
			defaultConfigurationIsVisible = 0;
			defaultConfigurationName = Release;
		};
		D3A2F2141B18E646005151DF /* Build configuration list for PBXNativeTarget "Moya-iOSTests" */ = {
			isa = XCConfigurationList;
			buildConfigurations = (
				D3A2F2151B18E646005151DF /* Debug */,
				D3A2F2161B18E646005151DF /* Release */,
			);
			defaultConfigurationIsVisible = 0;
			defaultConfigurationName = Release;
		};
/* End XCConfigurationList section */
	};
	rootObject = D307DDE21B176CF300AADD33 /* Project object */;
}
